{
  "lockfileVersion": 1,
  "workspaces": {
    "": {
      "name": "move-ts-file",
      "dependencies": {
        "glob": "^10.3.10",
        "typescript": "^5.3.3",
      },
      "devDependencies": {
        "@biomejs/biome": "^2.2.2",
        "@types/node": "^20.10.6",
        "dprint": "^0.50.1",
      },
    },
  },
  "packages": {
    "@biomejs/biome": ["@biomejs/biome@2.2.2", "", { "optionalDependencies": { "@biomejs/cli-darwin-arm64": "2.2.2", "@biomejs/cli-darwin-x64": "2.2.2", "@biomejs/cli-linux-arm64": "2.2.2", "@biomejs/cli-linux-arm64-musl": "2.2.2", "@biomejs/cli-linux-x64": "2.2.2", "@biomejs/cli-linux-x64-musl": "2.2.2", "@biomejs/cli-win32-arm64": "2.2.2", "@biomejs/cli-win32-x64": "2.2.2" }, "bin": { "biome": "bin/biome" } }, "sha512-j1omAiQWCkhuLgwpMKisNKnsM6W8Xtt1l0WZmqY/dFj8QPNkIoTvk4tSsi40FaAAkBE1PU0AFG2RWFBWenAn+w=="],

    "@biomejs/cli-darwin-arm64": ["@biomejs/cli-darwin-arm64@2.2.2", "", { "os": "darwin", "cpu": "arm64" }, "sha512-6ePfbCeCPryWu0CXlzsWNZgVz/kBEvHiPyNpmViSt6A2eoDf4kXs3YnwQPzGjy8oBgQulrHcLnJL0nkCh80mlQ=="],

    "@biomejs/cli-darwin-x64": ["@biomejs/cli-darwin-x64@2.2.2", "", { "os": "darwin", "cpu": "x64" }, "sha512-Tn4JmVO+rXsbRslml7FvKaNrlgUeJot++FkvYIhl1OkslVCofAtS35MPlBMhXgKWF9RNr9cwHanrPTUUXcYGag=="],

    "@biomejs/cli-linux-arm64": ["@biomejs/cli-linux-arm64@2.2.2", "", { "os": "linux", "cpu": "arm64" }, "sha512-JfrK3gdmWWTh2J5tq/rcWCOsImVyzUnOS2fkjhiYKCQ+v8PqM+du5cfB7G1kXas+7KQeKSWALv18iQqdtIMvzw=="],

    "@biomejs/cli-linux-arm64-musl": ["@biomejs/cli-linux-arm64-musl@2.2.2", "", { "os": "linux", "cpu": "arm64" }, "sha512-/MhYg+Bd6renn6i1ylGFL5snYUn/Ct7zoGVKhxnro3bwekiZYE8Kl39BSb0MeuqM+72sThkQv4TnNubU9njQRw=="],

    "@biomejs/cli-linux-x64": ["@biomejs/cli-linux-x64@2.2.2", "", { "os": "linux", "cpu": "x64" }, "sha512-Ogb+77edO5LEP/xbNicACOWVLt8mgC+E1wmpUakr+O4nKwLt9vXe74YNuT3T1dUBxC/SnrVmlzZFC7kQJEfquQ=="],

    "@biomejs/cli-linux-x64-musl": ["@biomejs/cli-linux-x64-musl@2.2.2", "", { "os": "linux", "cpu": "x64" }, "sha512-ZCLXcZvjZKSiRY/cFANKg+z6Fhsf9MHOzj+NrDQcM+LbqYRT97LyCLWy2AS+W2vP+i89RyRM+kbGpUzbRTYWig=="],

    "@biomejs/cli-win32-arm64": ["@biomejs/cli-win32-arm64@2.2.2", "", { "os": "win32", "cpu": "arm64" }, "sha512-wBe2wItayw1zvtXysmHJQoQqXlTzHSpQRyPpJKiNIR21HzH/CrZRDFic1C1jDdp+zAPtqhNExa0owKMbNwW9cQ=="],

    "@biomejs/cli-win32-x64": ["@biomejs/cli-win32-x64@2.2.2", "", { "os": "win32", "cpu": "x64" }, "sha512-DAuHhHekGfiGb6lCcsT4UyxQmVwQiBCBUMwVra/dcOSs9q8OhfaZgey51MlekT3p8UwRqtXQfFuEJBhJNdLZwg=="],

    "@dprint/darwin-arm64": ["@dprint/darwin-arm64@0.50.1", "", { "os": "darwin", "cpu": "arm64" }, "sha512-NNKf3dxXn567pd/hpCVLHLbC0dI7s3YvQnUEwjRTOAQVMp6O7/ME+Tg1RPGsDP1IB+Y2fIYSM4qmG02zQrqjAQ=="],

    "@dprint/darwin-x64": ["@dprint/darwin-x64@0.50.1", "", { "os": "darwin", "cpu": "x64" }, "sha512-PcY75U3UC/0CLOxWzE0zZJZ2PxzUM5AX2baYL1ovgDGCfqO1H0hINiyxfx/8ncGgPojWBkLs+zrcFiGnXx7BQg=="],

    "@dprint/linux-arm64-glibc": ["@dprint/linux-arm64-glibc@0.50.1", "", { "os": "linux", "cpu": "arm64" }, "sha512-q0TOGy9FsoSKsEQ4sIMKyFweF5M8rW1S5OfwJDNRR2TU2riWByU9TKYIZUzg53iuwYKRypr/kJ5kdbl516afRQ=="],

    "@dprint/linux-arm64-musl": ["@dprint/linux-arm64-musl@0.50.1", "", { "os": "linux", "cpu": "arm64" }, "sha512-XRtxN2cA9rc06WFzzVPDIZYGGLmUXqpVf3F0XhhHV77ikQLJZ5reF4xBOQ+0HjJ/zy8W/HzuGDAHedWyCrRf9g=="],

    "@dprint/linux-riscv64-glibc": ["@dprint/linux-riscv64-glibc@0.50.1", "", { "os": "linux", "cpu": "none" }, "sha512-vAk/eYhSjA3LJ/yuYgxkHamiK8+m6YdqVBO/Ka+i16VxyjQyOdcMKBkrLCIqSxgyXd6b8raf9wM59HJbaIpoOg=="],

    "@dprint/linux-x64-glibc": ["@dprint/linux-x64-glibc@0.50.1", "", { "os": "linux", "cpu": "x64" }, "sha512-EpW5KLekaq4hXmKBWWtfBgZ244S4C+vFmMOd1YaGi8+f0hmPTJzVWLdIgpO2ZwfPQ5iycaVI/JS514PQmXPOvg=="],

    "@dprint/linux-x64-musl": ["@dprint/linux-x64-musl@0.50.1", "", { "os": "linux", "cpu": "x64" }, "sha512-assISBbaKKL8LkjrIy/5tpE157MVW6HbyIKAjTtg3tPNM3lDn1oH3twuGtK9WBsN/VoEP3QMZVauolcUJT/VOg=="],

    "@dprint/win32-arm64": ["@dprint/win32-arm64@0.50.1", "", { "os": "win32", "cpu": "arm64" }, "sha512-ZeaRMQYoFjrsO3lvI1SqzDWDGH1GGXWmNSeXvcFuAf2OgYQJWMBlLotCKiHNJ3uyYneoyhTg2tv9QkApNkZV4Q=="],

    "@dprint/win32-x64": ["@dprint/win32-x64@0.50.1", "", { "os": "win32", "cpu": "x64" }, "sha512-pMm8l/hRZ9zYylKw/yCaYkSV3btYB9UyMDbWqyxNthkQ1gckWrk17VTI6WjwwQuHD4Iaz5JgAYLS36hlUzWkxA=="],

    "@isaacs/cliui": ["@isaacs/cliui@8.0.2", "", { "dependencies": { "string-width": "^5.1.2", "string-width-cjs": "npm:string-width@^4.2.0", "strip-ansi": "^7.0.1", "strip-ansi-cjs": "npm:strip-ansi@^6.0.1", "wrap-ansi": "^8.1.0", "wrap-ansi-cjs": "npm:wrap-ansi@^7.0.0" } }, "sha512-O8jcjabXaleOG9DQ0+ARXWZBTfnP4WNAqzuiJK7ll44AmxGKv/J2M4TPjxjY3znBCfvBXFzucm1twdyFybFqEA=="],

    "@pkgjs/parseargs": ["@pkgjs/parseargs@0.11.0", "", {}, "sha512-+1VkjdD0QBLPodGrJUeqarH8VAIvQODIbwh9XpP5Syisf7YoQgsJKPNFoqqLQlu+VQ/tVSshMR6loPMn8U+dPg=="],

    "@types/node": ["@types/node@20.19.11", "", { "dependencies": { "undici-types": "~6.21.0" } }, "sha512-uug3FEEGv0r+jrecvUUpbY8lLisvIjg6AAic6a2bSP5OEOLeJsDSnvhCDov7ipFFMXS3orMpzlmi0ZcuGkBbow=="],

    "ansi-regex": ["ansi-regex@6.2.0", "", {}, "sha512-TKY5pyBkHyADOPYlRT9Lx6F544mPl0vS5Ew7BJ45hA08Q+t3GjbueLliBWN3sMICk6+y7HdyxSzC4bWS8baBdg=="],

    "ansi-styles": ["ansi-styles@6.2.1", "", {}, "sha512-bN798gFfQX+viw3R7yrGWRqnrN2oRkEkUjjl4JNn4E8GxxbjtG3FbrEIIY3l8/hrwUwIeCZvi4QuOTP4MErVug=="],

    "balanced-match": ["balanced-match@1.0.2", "", {}, "sha512-3oSeUO0TMV67hN1AmbXsK4yaqU7tjiHlbxRDZOpH0KW9+CeX4bRAaX0Anxt0tx2MrpRpWwQaPwIlISEJhYU5Pw=="],

    "brace-expansion": ["brace-expansion@2.0.2", "", { "dependencies": { "balanced-match": "^1.0.0" } }, "sha512-Jt0vHyM+jmUBqojB7E1NIYadt0vI0Qxjxd2TErW94wDz+E2LAm5vKMXXwg6ZZBTHPuUlDgQHKXvjGBdfcF1ZDQ=="],

    "color-convert": ["color-convert@2.0.1", "", { "dependencies": { "color-name": "~1.1.4" } }, "sha512-RRECPsj7iu/xb5oKYcsFHSppFNnsj/52OVTRKb4zP5onXwVF3zVmmToNcOfGC+CRDpfK/U584fMg38ZHCaElKQ=="],

    "color-name": ["color-name@1.1.4", "", {}, "sha512-dOy+3AuW3a2wNbZHIuMZpTcgjGuLU/uBL/ubcZF9OXbDo8ff4O8yVp5Bf0efS8uEoYo5q4Fx7dY9OgQGXgAsQA=="],

    "cross-spawn": ["cross-spawn@7.0.6", "", { "dependencies": { "path-key": "^3.1.0", "shebang-command": "^2.0.0", "which": "^2.0.1" } }, "sha512-uV2QOWP2nWzsy2aMp8aRibhi9dlzF5Hgh5SHaB9OiTGEyDTiJJyx0uy51QXdyWbtAHNua4XJzUKca3OzKUd3vA=="],

    "dprint": ["dprint@0.50.1", "", { "optionalDependencies": { "@dprint/darwin-arm64": "0.50.1", "@dprint/darwin-x64": "0.50.1", "@dprint/linux-arm64-glibc": "0.50.1", "@dprint/linux-arm64-musl": "0.50.1", "@dprint/linux-riscv64-glibc": "0.50.1", "@dprint/linux-x64-glibc": "0.50.1", "@dprint/linux-x64-musl": "0.50.1", "@dprint/win32-arm64": "0.50.1", "@dprint/win32-x64": "0.50.1" }, "bin": { "dprint": "bin.js" } }, "sha512-s+kUyQp2rGpwsM3vVmXySOY3v1NjYyRpKfQZdP4rfNTz6zQuICSO6nqIXNm3YdK1MwNFR/EXSFMuE1YPuulhow=="],

    "eastasianwidth": ["eastasianwidth@0.2.0", "", {}, "sha512-I88TYZWc9XiYHRQ4/3c5rjjfgkjhLyW2luGIheGERbNQ6OY7yTybanSpDXZa8y7VUP9YmDcYa+eyq4ca7iLqWA=="],

    "emoji-regex": ["emoji-regex@9.2.2", "", {}, "sha512-L18DaJsXSUk2+42pv8mLs5jJT2hqFkFE4j21wOmgbUqsZ2hL72NsUU785g9RXgo3s0ZNgVl42TiHp3ZtOv/Vyg=="],

    "foreground-child": ["foreground-child@3.3.1", "", { "dependencies": { "cross-spawn": "^7.0.6", "signal-exit": "^4.0.1" } }, "sha512-gIXjKqtFuWEgzFRJA9WCQeSJLZDjgJUOMCMzxtvFq/37KojM1BFGufqsCy0r4qSQmYLsZYMeyRqzIWOMup03sw=="],

    "glob": ["glob@10.4.5", "", { "dependencies": { "foreground-child": "^3.1.0", "jackspeak": "^3.1.2", "minimatch": "^9.0.4", "minipass": "^7.1.2", "package-json-from-dist": "^1.0.0", "path-scurry": "^1.11.1" }, "bin": { "glob": "dist/esm/bin.mjs" } }, "sha512-7Bv8RF0k6xjo7d4A/PxYLbUCfb6c+Vpd2/mB2yRDlew7Jb5hEXiCD9ibfO7wpk8i4sevK6DFny9h7EYbM3/sHg=="],

    "is-fullwidth-code-point": ["is-fullwidth-code-point@3.0.0", "", {}, "sha512-zymm5+u+sCsSWyD9qNaejV3DFvhCKclKdizYaJUuHA83RLjb7nSuGnddCHGv0hk+KY7BMAlsWeK4Ueg6EV6XQg=="],

    "isexe": ["isexe@2.0.0", "", {}, "sha512-RHxMLp9lnKHGHRng9QFhRCMbYAcVpn69smSGcq3f36xjgVVWThj4qqLbTLlq7Ssj8B+fIQ1EuCEGI2lKsyQeIw=="],

    "jackspeak": ["jackspeak@3.4.3", "", { "dependencies": { "@isaacs/cliui": "^8.0.2" }, "optionalDependencies": { "@pkgjs/parseargs": "^0.11.0" } }, "sha512-OGlZQpz2yfahA/Rd1Y8Cd9SIEsqvXkLVoSw/cgwhnhFMDbsQFeZYoJJ7bIZBS9BcamUW96asq/npPWugM+RQBw=="],

    "lru-cache": ["lru-cache@10.4.3", "", {}, "sha512-JNAzZcXrCt42VGLuYz0zfAzDfAvJWW6AfYlDBQyDV5DClI2m5sAmK+OIO7s59XfsRsWHp02jAJrRadPRGTt6SQ=="],

    "minimatch": ["minimatch@9.0.5", "", { "dependencies": { "brace-expansion": "^2.0.1" } }, "sha512-G6T0ZX48xgozx7587koeX9Ys2NYy6Gmv//P89sEte9V9whIapMNF4idKxnW2QtCcLiTWlb/wfCabAtAFWhhBow=="],

    "minipass": ["minipass@7.1.2", "", {}, "sha512-qOOzS1cBTWYF4BH8fVePDBOO9iptMnGUEZwNc/cMWnTV2nVLZ7VoNWEPHkYczZA0pdoA7dl6e7FL659nX9S2aw=="],

    "package-json-from-dist": ["package-json-from-dist@1.0.1", "", {}, "sha512-UEZIS3/by4OC8vL3P2dTXRETpebLI2NiI5vIrjaD/5UtrkFX/tNbwjTSRAGC/+7CAo2pIcBaRgWmcBBHcsaCIw=="],

    "path-key": ["path-key@3.1.1", "", {}, "sha512-ojmeN0qd+y0jszEtoY48r0Peq5dwMEkIlCOu6Q5f41lfkswXuKtYrhgoTpLnyIcHm24Uhqx+5Tqm2InSwLhE6Q=="],

    "path-scurry": ["path-scurry@1.11.1", "", { "dependencies": { "lru-cache": "^10.2.0", "minipass": "^5.0.0 || ^6.0.2 || ^7.0.0" } }, "sha512-Xa4Nw17FS9ApQFJ9umLiJS4orGjm7ZzwUrwamcGQuHSzDyth9boKDaycYdDcZDuqYATXw4HFXgaqWTctW/v1HA=="],

    "shebang-command": ["shebang-command@2.0.0", "", { "dependencies": { "shebang-regex": "^3.0.0" } }, "sha512-kHxr2zZpYtdmrN1qDjrrX/Z1rR1kG8Dx+gkpK1G4eXmvXswmcE1hTWBWYUzlraYw1/yZp6YuDY77YtvbN0dmDA=="],

    "shebang-regex": ["shebang-regex@3.0.0", "", {}, "sha512-7++dFhtcx3353uBaq8DDR4NuxBetBzC7ZQOhmTQInHEd6bSrXdiEyzCvG07Z44UYdLShWUyXt5M/yhz8ekcb1A=="],

    "signal-exit": ["signal-exit@4.1.0", "", {}, "sha512-bzyZ1e88w9O1iNJbKnOlvYTrWPDl46O1bG0D3XInv+9tkPrxrN8jUUTiFlDkkmKWgn1M6CfIA13SuGqOa9Korw=="],

    "string-width": ["string-width@5.1.2", "", { "dependencies": { "eastasianwidth": "^0.2.0", "emoji-regex": "^9.2.2", "strip-ansi": "^7.0.1" } }, "sha512-HnLOCR3vjcY8beoNLtcjZ5/nxn2afmME6lhrDrebokqMap+XbeW8n9TXpPDOqdGK5qcI3oT0GKTW6wC7EMiVqA=="],

    "string-width-cjs": ["string-width@4.2.3", "", { "dependencies": { "emoji-regex": "^8.0.0", "is-fullwidth-code-point": "^3.0.0", "strip-ansi": "^6.0.1" } }, "sha512-wKyQRQpjJ0sIp62ErSZdGsjMJWsap5oRNihHhu6G7JVO/9jIB6UyevL+tXuOqrng8j/cxKTWyWUwvSTriiZz/g=="],

    "strip-ansi": ["strip-ansi@7.1.0", "", { "dependencies": { "ansi-regex": "^6.0.1" } }, "sha512-iq6eVVI64nQQTRYq2KtEg2d2uU7LElhTJwsH4YzIHZshxlgZms/wIc4VoDQTlG/IvVIrBKG06CrZnp0qv7hkcQ=="],

    "strip-ansi-cjs": ["strip-ansi@6.0.1", "", { "dependencies": { "ansi-regex": "^5.0.1" } }, "sha512-Y38VPSHcqkFrCpFnQ9vuSXmquuv5oXOKpGeT6aGrr3o3Gc9AlVa6JBfUSOCnbxGGZF+/0ooI7KrPuUSztUdU5A=="],

    "typescript": ["typescript@5.9.2", "", { "bin": { "tsc": "bin/tsc", "tsserver": "bin/tsserver" } }, "sha512-CWBzXQrc/qOkhidw1OzBTQuYRbfyxDXJMVJ1XNwUHGROVmuaeiEm3OslpZ1RV96d7SKKjZKrSJu3+t/xlw3R9A=="],

    "undici-types": ["undici-types@6.21.0", "", {}, "sha512-iwDZqg0QAGrg9Rav5H4n0M64c3mkR59cJ6wQp+7C4nI0gsmExaedaYLNO44eT4AtBBwjbTiGPMlt2Md0T9H9JQ=="],

    "which": ["which@2.0.2", "", { "dependencies": { "isexe": "^2.0.0" }, "bin": { "node-which": "./bin/node-which" } }, "sha512-BLI3Tl1TW3Pvl70l3yq3Y64i+awpwXqsGBYWkkqMtnbXgrMD+yj7rhW0kuEDxzJaYXGjEW5ogapKNMEKNMjibA=="],

    "wrap-ansi": ["wrap-ansi@8.1.0", "", { "dependencies": { "ansi-styles": "^6.1.0", "string-width": "^5.0.1", "strip-ansi": "^7.0.1" } }, "sha512-si7QWI6zUMq56bESFvagtmzMdGOtoxfR+Sez11Mobfc7tm+VkUckk9bW2UeffTGVUbOksxmSw0AA2gs8g71NCQ=="],

    "wrap-ansi-cjs": ["wrap-ansi@7.0.0", "", { "dependencies": { "ansi-styles": "^4.0.0", "string-width": "^4.1.0", "strip-ansi": "^6.0.0" } }, "sha512-YVGIj2kamLSTxw6NsZjoBxfSwsn0ycdesmc4p+Q21c5zPuZ1pl+NfxVdxPtdHvmNVOQ6XSYG4AUtyt/Fi7D16Q=="],

    "string-width-cjs/emoji-regex": ["emoji-regex@8.0.0", "", {}, "sha512-MSjYzcWNOA0ewAHpz0MxpYFvwg6yjy1NG3xteoqz644VCo/RPgnr1/GGt+ic3iJTzQ8Eu3TdM14SawnVUmGE6A=="],

    "string-width-cjs/strip-ansi": ["strip-ansi@6.0.1", "", { "dependencies": { "ansi-regex": "^5.0.1" } }, "sha512-Y38VPSHcqkFrCpFnQ9vuSXmquuv5oXOKpGeT6aGrr3o3Gc9AlVa6JBfUSOCnbxGGZF+/0ooI7KrPuUSztUdU5A=="],

    "strip-ansi-cjs/ansi-regex": ["ansi-regex@5.0.1", "", {}, "sha512-quJQXlTSUGL2LH9SUXo8VwsY4soanhgo6LNSm84E1LBcE8s3O0wpdiRzyR9z/ZZJMlMWv37qOOb9pdJlMUEKFQ=="],

    "wrap-ansi-cjs/ansi-styles": ["ansi-styles@4.3.0", "", { "dependencies": { "color-convert": "^2.0.1" } }, "sha512-zbB9rCJAT1rbjiVDb2hqKFHNYLxgtk8NURxZ3IZwD3F6NtxbXZQCnnSi1Lkx+IDohdPlFp222wVALIheZJQSEg=="],

    "wrap-ansi-cjs/string-width": ["string-width@4.2.3", "", { "dependencies": { "emoji-regex": "^8.0.0", "is-fullwidth-code-point": "^3.0.0", "strip-ansi": "^6.0.1" } }, "sha512-wKyQRQpjJ0sIp62ErSZdGsjMJWsap5oRNihHhu6G7JVO/9jIB6UyevL+tXuOqrng8j/cxKTWyWUwvSTriiZz/g=="],

    "wrap-ansi-cjs/strip-ansi": ["strip-ansi@6.0.1", "", { "dependencies": { "ansi-regex": "^5.0.1" } }, "sha512-Y38VPSHcqkFrCpFnQ9vuSXmquuv5oXOKpGeT6aGrr3o3Gc9AlVa6JBfUSOCnbxGGZF+/0ooI7KrPuUSztUdU5A=="],

    "string-width-cjs/strip-ansi/ansi-regex": ["ansi-regex@5.0.1", "", {}, "sha512-quJQXlTSUGL2LH9SUXo8VwsY4soanhgo6LNSm84E1LBcE8s3O0wpdiRzyR9z/ZZJMlMWv37qOOb9pdJlMUEKFQ=="],

    "wrap-ansi-cjs/string-width/emoji-regex": ["emoji-regex@8.0.0", "", {}, "sha512-MSjYzcWNOA0ewAHpz0MxpYFvwg6yjy1NG3xteoqz644VCo/RPgnr1/GGt+ic3iJTzQ8Eu3TdM14SawnVUmGE6A=="],

    "wrap-ansi-cjs/strip-ansi/ansi-regex": ["ansi-regex@5.0.1", "", {}, "sha512-quJQXlTSUGL2LH9SUXo8VwsY4soanhgo6LNSm84E1LBcE8s3O0wpdiRzyR9z/ZZJMlMWv37qOOb9pdJlMUEKFQ=="],
  }
}
